
Microsoft Visual Studio Solution File, Format Version 12.00
# Visual Studio Version 16
VisualStudioVersion = 16.0.30114.105
MinimumVisualStudioVersion = 10.0.40219.1
Project("{FAE04EC0-301F-11D3-BF4B-00C04F79EFBC}") = "aaa", "aaa.csproj", "{7EB20996-4929-4DF7-A39A-B18346F52404}"
EndProject
Project("{54435603-DBB4-11D2-8724-00A0C9A8B90C}") = "Setup-RestaurantManagement", "..\Setup-RestaurantManagement\Setup-RestaurantManagement.vdproj", "{3FC905D2-1F4F-4B32-9F5C-CB265555ACF0}"
EndProject
Global
	GlobalSection(SolutionConfigurationPlatforms) = preSolution
		All|Any CPU = All|Any CPU
		Debug|Any CPU = Debug|Any CPU
		Release|Any CPU = Release|Any CPU
	EndGlobalSection
	GlobalSection(ProjectConfigurationPlatforms) = postSolution
		{7EB20996-4929-4DF7-A39A-B18346F52404}.All|Any CPU.ActiveCfg = Release|Any CPU
		{7EB20996-4929-4DF7-A39A-B18346F52404}.All|Any CPU.Build.0 = Release|Any CPU
		{7EB20996-4929-4DF7-A39A-B18346F52404}.Debug|Any CPU.ActiveCfg = Debug|Any CPU
		{7EB20996-4929-4DF7-A39A-B18346F52404}.Debug|Any CPU.Build.0 = Debug|Any CPU
		{7EB20996-4929-4DF7-A39A-B18346F52404}.Release|Any CPU.ActiveCfg = Release|Any CPU
		{7EB20996-4929-4DF7-A39A-B18346F52404}.Release|Any CPU.Build.0 = Release|Any CPU
		{3FC905D2-1F4F-4B32-9F5C-CB265555ACF0}.All|Any CPU.ActiveCfg = Debug
		{3FC905D2-1F4F-4B32-9F5C-CB265555ACF0}.All|Any CPU.Build.0 = Debug
		{3FC905D2-1F4F-4B32-9F5C-CB265555ACF0}.Debug|Any CPU.ActiveCfg = Debug
		{3FC905D2-1F4F-4B32-9F5C-CB265555ACF0}.Debug|Any CPU.Build.0 = Debug
		{3FC905D2-1F4F-4B32-9F5C-CB265555ACF0}.Release|Any CPU.ActiveCfg = Release
		{3FC905D2-1F4F-4B32-9F5C-CB265555ACF0}.Release|Any CPU.Build.0 = Release
	EndGlobalSection
	GlobalSection(SolutionProperties) = preSolution
		HideSolutionNode = FALSE
	EndGlobalSection
	GlobalSection(ExtensibilityGlobals) = postSolution
		SolutionGuid = {FC5D8CAF-25B2-44B7-A522-4F02E5ABCD8C}
	EndGlobalSection
EndGlobal
